// !$*UTF8*$!
{
	archiveVersion = 1;
	classes = {
	};
	objectVersion = 55;
	objects = {

/* Begin PBXBuildFile section */
		044D58AD28D2010500EEA541 /* AppDelegate.swift in Sources */ = {isa = PBXBuildFile; fileRef = 044D58AC28D2010500EEA541 /* AppDelegate.swift */; };
		044D58AF28D2010500EEA541 /* SceneDelegate.swift in Sources */ = {isa = PBXBuildFile; fileRef = 044D58AE28D2010500EEA541 /* SceneDelegate.swift */; };
		044D58B128D2010500EEA541 /* UsersViewController.swift in Sources */ = {isa = PBXBuildFile; fileRef = 044D58B028D2010500EEA541 /* UsersViewController.swift */; };
		044D58B728D2010500EEA541 /* MiniProjectWithCoreData.xcdatamodeld in Sources */ = {isa = PBXBuildFile; fileRef = 044D58B528D2010500EEA541 /* MiniProjectWithCoreData.xcdatamodeld */; };
		044D58B928D2010600EEA541 /* Assets.xcassets in Resources */ = {isa = PBXBuildFile; fileRef = 044D58B828D2010600EEA541 /* Assets.xcassets */; };
		044D58BC28D2010600EEA541 /* LaunchScreen.storyboard in Resources */ = {isa = PBXBuildFile; fileRef = 044D58BA28D2010600EEA541 /* LaunchScreen.storyboard */; };
		044D58CD28D2062F00EEA541 /* UsersView.swift in Sources */ = {isa = PBXBuildFile; fileRef = 044D58CC28D2062F00EEA541 /* UsersView.swift */; };
		044D58D128D2064600EEA541 /* TableViewCell.swift in Sources */ = {isa = PBXBuildFile; fileRef = 044D58D028D2064600EEA541 /* TableViewCell.swift */; };
		044D58D328D206BB00EEA541 /* Presenter.swift in Sources */ = {isa = PBXBuildFile; fileRef = 044D58D228D206BB00EEA541 /* Presenter.swift */; };
		044D58D528D206D200EEA541 /* PresenterOutput.swift in Sources */ = {isa = PBXBuildFile; fileRef = 044D58D428D206D200EEA541 /* PresenterOutput.swift */; };
		044D58D728D206E100EEA541 /* PresenterInput.swift in Sources */ = {isa = PBXBuildFile; fileRef = 044D58D628D206E100EEA541 /* PresenterInput.swift */; };
		0455FBC028D4ABC30063D74A /* ModelUsers+CoreDataProperties.swift in Sources */ = {isa = PBXBuildFile; fileRef = 0455FBBE28D4ABC30063D74A /* ModelUsers+CoreDataProperties.swift */; };
		0496B9F228D2F6C400DC6C3D /* CoreDataManager.swift in Sources */ = {isa = PBXBuildFile; fileRef = 0496B9F128D2F6C400DC6C3D /* CoreDataManager.swift */; };
		0496B9F528D34EEC00DC6C3D /* DetailView.swift in Sources */ = {isa = PBXBuildFile; fileRef = 0496B9F428D34EEC00DC6C3D /* DetailView.swift */; };
		8BDEBBD028D652AE00825506 /* DetailViewController.swift in Sources */ = {isa = PBXBuildFile; fileRef = 8BDEBBCF28D652AE00825506 /* DetailViewController.swift */; };
/* End PBXBuildFile section */

/* Begin PBXFileReference section */
		044D58A928D2010500EEA541 /* MiniProjectWithCoreData.app */ = {isa = PBXFileReference; explicitFileType = wrapper.application; includeInIndex = 0; path = MiniProjectWithCoreData.app; sourceTree = BUILT_PRODUCTS_DIR; };
		044D58AC28D2010500EEA541 /* AppDelegate.swift */ = {isa = PBXFileReference; lastKnownFileType = sourcecode.swift; path = AppDelegate.swift; sourceTree = "<group>"; };
		044D58AE28D2010500EEA541 /* SceneDelegate.swift */ = {isa = PBXFileReference; lastKnownFileType = sourcecode.swift; path = SceneDelegate.swift; sourceTree = "<group>"; };
		044D58B028D2010500EEA541 /* UsersViewController.swift */ = {isa = PBXFileReference; lastKnownFileType = sourcecode.swift; path = UsersViewController.swift; sourceTree = "<group>"; };
		044D58B628D2010500EEA541 /* MiniProjectWithCoreData.xcdatamodel */ = {isa = PBXFileReference; lastKnownFileType = wrapper.xcdatamodel; path = MiniProjectWithCoreData.xcdatamodel; sourceTree = "<group>"; };
		044D58B828D2010600EEA541 /* Assets.xcassets */ = {isa = PBXFileReference; lastKnownFileType = folder.assetcatalog; path = Assets.xcassets; sourceTree = "<group>"; };
		044D58BB28D2010600EEA541 /* Base */ = {isa = PBXFileReference; lastKnownFileType = file.storyboard; name = Base; path = Base.lproj/LaunchScreen.storyboard; sourceTree = "<group>"; };
		044D58BD28D2010600EEA541 /* Info.plist */ = {isa = PBXFileReference; lastKnownFileType = text.plist.xml; path = Info.plist; sourceTree = "<group>"; };
		044D58CC28D2062F00EEA541 /* UsersView.swift */ = {isa = PBXFileReference; lastKnownFileType = sourcecode.swift; path = UsersView.swift; sourceTree = "<group>"; };
		044D58D028D2064600EEA541 /* TableViewCell.swift */ = {isa = PBXFileReference; lastKnownFileType = sourcecode.swift; path = TableViewCell.swift; sourceTree = "<group>"; };
		044D58D228D206BB00EEA541 /* Presenter.swift */ = {isa = PBXFileReference; lastKnownFileType = sourcecode.swift; path = Presenter.swift; sourceTree = "<group>"; };
		044D58D428D206D200EEA541 /* PresenterOutput.swift */ = {isa = PBXFileReference; lastKnownFileType = sourcecode.swift; path = PresenterOutput.swift; sourceTree = "<group>"; };
		044D58D628D206E100EEA541 /* PresenterInput.swift */ = {isa = PBXFileReference; lastKnownFileType = sourcecode.swift; path = PresenterInput.swift; sourceTree = "<group>"; };
		0455FBBE28D4ABC30063D74A /* ModelUsers+CoreDataProperties.swift */ = {isa = PBXFileReference; lastKnownFileType = sourcecode.swift; path = "ModelUsers+CoreDataProperties.swift"; sourceTree = "<group>"; };
		0496B9F128D2F6C400DC6C3D /* CoreDataManager.swift */ = {isa = PBXFileReference; lastKnownFileType = sourcecode.swift; path = CoreDataManager.swift; sourceTree = "<group>"; };
		0496B9F428D34EEC00DC6C3D /* DetailView.swift */ = {isa = PBXFileReference; lastKnownFileType = sourcecode.swift; path = DetailView.swift; sourceTree = "<group>"; };
		8BDEBBCF28D652AE00825506 /* DetailViewController.swift */ = {isa = PBXFileReference; lastKnownFileType = sourcecode.swift; path = DetailViewController.swift; sourceTree = "<group>"; };
/* End PBXFileReference section */

/* Begin PBXFrameworksBuildPhase section */
		044D58A628D2010500EEA541 /* Frameworks */ = {
			isa = PBXFrameworksBuildPhase;
			buildActionMask = 2147483647;
			files = (
			);
			runOnlyForDeploymentPostprocessing = 0;
		};
/* End PBXFrameworksBuildPhase section */

/* Begin PBXGroup section */
		044D58A028D2010500EEA541 = {
			isa = PBXGroup;
			children = (
				044D58AB28D2010500EEA541 /* MiniProjectWithCoreData */,
				044D58AA28D2010500EEA541 /* Products */,
			);
			sourceTree = "<group>";
		};
		044D58AA28D2010500EEA541 /* Products */ = {
			isa = PBXGroup;
			children = (
				044D58A928D2010500EEA541 /* MiniProjectWithCoreData.app */,
			);
			name = Products;
			sourceTree = "<group>";
		};
		044D58AB28D2010500EEA541 /* MiniProjectWithCoreData */ = {
			isa = PBXGroup;
			children = (
				0455FBBA28D4AAD70063D74A /* ModelUsers */,
				0496B9F028D2F62F00DC6C3D /* CoreDataService */,
				044D58C328D2058600EEA541 /* App */,
				0496B9FC28D34F9300DC6C3D /* MainScreen */,
				0496B9F328D34EC500DC6C3D /* DetailScreen */,
				044D58B828D2010600EEA541 /* Assets.xcassets */,
				044D58BA28D2010600EEA541 /* LaunchScreen.storyboard */,
				044D58BD28D2010600EEA541 /* Info.plist */,
				044D58B528D2010500EEA541 /* MiniProjectWithCoreData.xcdatamodeld */,
			);
			path = MiniProjectWithCoreData;
			sourceTree = "<group>";
		};
		044D58C328D2058600EEA541 /* App */ = {
			isa = PBXGroup;
			children = (
				044D58AC28D2010500EEA541 /* AppDelegate.swift */,
				044D58AE28D2010500EEA541 /* SceneDelegate.swift */,
			);
			path = App;
			sourceTree = "<group>";
		};
		044D58C528D205CA00EEA541 /* View */ = {
			isa = PBXGroup;
			children = (
				044D58CA28D2060D00EEA541 /* Users */,
				044D58CB28D2061500EEA541 /* TableView */,
			);
			path = View;
			sourceTree = "<group>";
		};
		044D58C628D205D000EEA541 /* Presenter */ = {
			isa = PBXGroup;
			children = (
				044D58D228D206BB00EEA541 /* Presenter.swift */,
				044D58D428D206D200EEA541 /* PresenterOutput.swift */,
				044D58D628D206E100EEA541 /* PresenterInput.swift */,
			);
			path = Presenter;
			sourceTree = "<group>";
		};
		044D58CA28D2060D00EEA541 /* Users */ = {
			isa = PBXGroup;
			children = (
				044D58CC28D2062F00EEA541 /* UsersView.swift */,
				044D58B028D2010500EEA541 /* UsersViewController.swift */,
			);
			path = Users;
			sourceTree = "<group>";
		};
		044D58CB28D2061500EEA541 /* TableView */ = {
			isa = PBXGroup;
			children = (
				044D58D028D2064600EEA541 /* TableViewCell.swift */,
			);
			path = TableView;
			sourceTree = "<group>";
		};
		0455FBBA28D4AAD70063D74A /* ModelUsers */ = {
			isa = PBXGroup;
			children = (
				0455FBBE28D4ABC30063D74A /* ModelUsers+CoreDataProperties.swift */,
			);
			path = ModelUsers;
			sourceTree = "<group>";
		};
		0496B9F028D2F62F00DC6C3D /* CoreDataService */ = {
			isa = PBXGroup;
			children = (
				0496B9F128D2F6C400DC6C3D /* CoreDataManager.swift */,
			);
			path = CoreDataService;
			sourceTree = "<group>";
		};
		0496B9F328D34EC500DC6C3D /* DetailScreen */ = {
			isa = PBXGroup;
			children = (
				0496B9F828D34F6300DC6C3D /* DetailView */,
			);
			path = DetailScreen;
			sourceTree = "<group>";
		};
		0496B9F828D34F6300DC6C3D /* DetailView */ = {
			isa = PBXGroup;
			children = (
				0496B9F428D34EEC00DC6C3D /* DetailView.swift */,
				8BDEBBCF28D652AE00825506 /* DetailViewController.swift */,
			);
			path = DetailView;
			sourceTree = "<group>";
		};
		0496B9FC28D34F9300DC6C3D /* MainScreen */ = {
			isa = PBXGroup;
			children = (
				044D58C528D205CA00EEA541 /* View */,
				044D58C628D205D000EEA541 /* Presenter */,
			);
			path = MainScreen;
			sourceTree = "<group>";
		};
/* End PBXGroup section */

/* Begin PBXNativeTarget section */
		044D58A828D2010500EEA541 /* MiniProjectWithCoreData */ = {
			isa = PBXNativeTarget;
			buildConfigurationList = 044D58C028D2010600EEA541 /* Build configuration list for PBXNativeTarget "MiniProjectWithCoreData" */;
			buildPhases = (
				044D58A528D2010500EEA541 /* Sources */,
				044D58A628D2010500EEA541 /* Frameworks */,
				044D58A728D2010500EEA541 /* Resources */,
			);
			buildRules = (
			);
			dependencies = (
			);
			name = MiniProjectWithCoreData;
			productName = MiniProjectWithCoreData;
			productReference = 044D58A928D2010500EEA541 /* MiniProjectWithCoreData.app */;
			productType = "com.apple.product-type.application";
		};
/* End PBXNativeTarget section */

/* Begin PBXProject section */
		044D58A128D2010500EEA541 /* Project object */ = {
			isa = PBXProject;
			attributes = {
				BuildIndependentTargetsInParallel = 1;
				LastSwiftUpdateCheck = 1340;
				LastUpgradeCheck = 1340;
				TargetAttributes = {
					044D58A828D2010500EEA541 = {
						CreatedOnToolsVersion = 13.4.1;
					};
				};
			};
			buildConfigurationList = 044D58A428D2010500EEA541 /* Build configuration list for PBXProject "MiniProjectWithCoreData" */;
			compatibilityVersion = "Xcode 13.0";
			developmentRegion = en;
			hasScannedForEncodings = 0;
			knownRegions = (
				en,
				Base,
			);
			mainGroup = 044D58A028D2010500EEA541;
			productRefGroup = 044D58AA28D2010500EEA541 /* Products */;
			projectDirPath = "";
			projectRoot = "";
			targets = (
				044D58A828D2010500EEA541 /* MiniProjectWithCoreData */,
			);
		};
/* End PBXProject section */

/* Begin PBXResourcesBuildPhase section */
		044D58A728D2010500EEA541 /* Resources */ = {
			isa = PBXResourcesBuildPhase;
			buildActionMask = 2147483647;
			files = (
				044D58BC28D2010600EEA541 /* LaunchScreen.storyboard in Resources */,
				044D58B928D2010600EEA541 /* Assets.xcassets in Resources */,
			);
			runOnlyForDeploymentPostprocessing = 0;
		};
/* End PBXResourcesBuildPhase section */

/* Begin PBXSourcesBuildPhase section */
		044D58A528D2010500EEA541 /* Sources */ = {
			isa = PBXSourcesBuildPhase;
			buildActionMask = 2147483647;
			files = (
				044D58B128D2010500EEA541 /* UsersViewController.swift in Sources */,
				0496B9F228D2F6C400DC6C3D /* CoreDataManager.swift in Sources */,
				044D58D728D206E100EEA541 /* PresenterInput.swift in Sources */,
				044D58D128D2064600EEA541 /* TableViewCell.swift in Sources */,
				044D58D328D206BB00EEA541 /* Presenter.swift in Sources */,
				0496B9F528D34EEC00DC6C3D /* DetailView.swift in Sources */,
				044D58AD28D2010500EEA541 /* AppDelegate.swift in Sources */,
				044D58AF28D2010500EEA541 /* SceneDelegate.swift in Sources */,
				044D58D528D206D200EEA541 /* PresenterOutput.swift in Sources */,
				0455FBC028D4ABC30063D74A /* ModelUsers+CoreDataProperties.swift in Sources */,
				8BDEBBD028D652AE00825506 /* DetailViewController.swift in Sources */,
				044D58B728D2010500EEA541 /* MiniProjectWithCoreData.xcdatamodeld in Sources */,
				044D58CD28D2062F00EEA541 /* UsersView.swift in Sources */,
			);
			runOnlyForDeploymentPostprocessing = 0;
		};
/* End PBXSourcesBuildPhase section */

/* Begin PBXVariantGroup section */
		044D58BA28D2010600EEA541 /* LaunchScreen.storyboard */ = {
			isa = PBXVariantGroup;
			children = (
				044D58BB28D2010600EEA541 /* Base */,
			);
			name = LaunchScreen.storyboard;
			sourceTree = "<group>";
		};
/* End PBXVariantGroup section */

/* Begin XCBuildConfiguration section */
		044D58BE28D2010600EEA541 /* Debug */ = {
			isa = XCBuildConfiguration;
			buildSettings = {
				ALWAYS_SEARCH_USER_PATHS = NO;
				CLANG_ANALYZER_NONNULL = YES;
				CLANG_ANALYZER_NUMBER_OBJECT_CONVERSION = YES_AGGRESSIVE;
				CLANG_CXX_LANGUAGE_STANDARD = "gnu++17";
				CLANG_ENABLE_MODULES = YES;
				CLANG_ENABLE_OBJC_ARC = YES;
				CLANG_ENABLE_OBJC_WEAK = YES;
				CLANG_WARN_BLOCK_CAPTURE_AUTORELEASING = YES;
				CLANG_WARN_BOOL_CONVERSION = YES;
				CLANG_WARN_COMMA = YES;
				CLANG_WARN_CONSTANT_CONVERSION = YES;
				CLANG_WARN_DEPRECATED_OBJC_IMPLEMENTATIONS = YES;
				CLANG_WARN_DIRECT_OBJC_ISA_USAGE = YES_ERROR;
				CLANG_WARN_DOCUMENTATION_COMMENTS = YES;
				CLANG_WARN_EMPTY_BODY = YES;
				CLANG_WARN_ENUM_CONVERSION = YES;
				CLANG_WARN_INFINITE_RECURSION = YES;
				CLANG_WARN_INT_CONVERSION = YES;
				CLANG_WARN_NON_LITERAL_NULL_CONVERSION = YES;
				CLANG_WARN_OBJC_IMPLICIT_RETAIN_SELF = YES;
				CLANG_WARN_OBJC_LITERAL_CONVERSION = YES;
				CLANG_WARN_OBJC_ROOT_CLASS = YES_ERROR;
				CLANG_WARN_QUOTED_INCLUDE_IN_FRAMEWORK_HEADER = YES;
				CLANG_WARN_RANGE_LOOP_ANALYSIS = YES;
				CLANG_WARN_STRICT_PROTOTYPES = YES;
				CLANG_WARN_SUSPICIOUS_MOVE = YES;
				CLANG_WARN_UNGUARDED_AVAILABILITY = YES_AGGRESSIVE;
				CLANG_WARN_UNREACHABLE_CODE = YES;
				CLANG_WARN__DUPLICATE_METHOD_MATCH = YES;
				COPY_PHASE_STRIP = NO;
				DEBUG_INFORMATION_FORMAT = dwarf;
				ENABLE_STRICT_OBJC_MSGSEND = YES;
				ENABLE_TESTABILITY = YES;
				GCC_C_LANGUAGE_STANDARD = gnu11;
				GCC_DYNAMIC_NO_PIC = NO;
				GCC_NO_COMMON_BLOCKS = YES;
				GCC_OPTIMIZATION_LEVEL = 0;
				GCC_PREPROCESSOR_DEFINITIONS = (
					"DEBUG=1",
					"$(inherited)",
				);
				GCC_WARN_64_TO_32_BIT_CONVERSION = YES;
				GCC_WARN_ABOUT_RETURN_TYPE = YES_ERROR;
				GCC_WARN_UNDECLARED_SELECTOR = YES;
				GCC_WARN_UNINITIALIZED_AUTOS = YES_AGGRESSIVE;
				GCC_WARN_UNUSED_FUNCTION = YES;
				GCC_WARN_UNUSED_VARIABLE = YES;
				IPHONEOS_DEPLOYMENT_TARGET = 15.5;
				MTL_ENABLE_DEBUG_INFO = INCLUDE_SOURCE;
				MTL_FAST_MATH = YES;
				ONLY_ACTIVE_ARCH = YES;
				SDKROOT = iphoneos;
				SWIFT_ACTIVE_COMPILATION_CONDITIONS = DEBUG;
				SWIFT_OPTIMIZATION_LEVEL = "-Onone";
			};
			name = Debug;
		};
		044D58BF28D2010600EEA541 /* Release */ = {
			isa = XCBuildConfiguration;
			buildSettings = {
				ALWAYS_SEARCH_USER_PATHS = NO;
				CLANG_ANALYZER_NONNULL = YES;
				CLANG_ANALYZER_NUMBER_OBJECT_CONVERSION = YES_AGGRESSIVE;
				CLANG_CXX_LANGUAGE_STANDARD = "gnu++17";
				CLANG_ENABLE_MODULES = YES;
				CLANG_ENABLE_OBJC_ARC = YES;
				CLANG_ENABLE_OBJC_WEAK = YES;
				CLANG_WARN_BLOCK_CAPTURE_AUTORELEASING = YES;
				CLANG_WARN_BOOL_CONVERSION = YES;
				CLANG_WARN_COMMA = YES;
				CLANG_WARN_CONSTANT_CONVERSION = YES;
				CLANG_WARN_DEPRECATED_OBJC_IMPLEMENTATIONS = YES;
				CLANG_WARN_DIRECT_OBJC_ISA_USAGE = YES_ERROR;
				CLANG_WARN_DOCUMENTATION_COMMENTS = YES;
				CLANG_WARN_EMPTY_BODY = YES;
				CLANG_WARN_ENUM_CONVERSION = YES;
				CLANG_WARN_INFINITE_RECURSION = YES;
				CLANG_WARN_INT_CONVERSION = YES;
				CLANG_WARN_NON_LITERAL_NULL_CONVERSION = YES;
				CLANG_WARN_OBJC_IMPLICIT_RETAIN_SELF = YES;
				CLANG_WARN_OBJC_LITERAL_CONVERSION = YES;
				CLANG_WARN_OBJC_ROOT_CLASS = YES_ERROR;
				CLANG_WARN_QUOTED_INCLUDE_IN_FRAMEWORK_HEADER = YES;
				CLANG_WARN_RANGE_LOOP_ANALYSIS = YES;
				CLANG_WARN_STRICT_PROTOTYPES = YES;
				CLANG_WARN_SUSPICIOUS_MOVE = YES;
				CLANG_WARN_UNGUARDED_AVAILABILITY = YES_AGGRESSIVE;
				CLANG_WARN_UNREACHABLE_CODE = YES;
				CLANG_WARN__DUPLICATE_METHOD_MATCH = YES;
				COPY_PHASE_STRIP = NO;
				DEBUG_INFORMATION_FORMAT = "dwarf-with-dsym";
				ENABLE_NS_ASSERTIONS = NO;
				ENABLE_STRICT_OBJC_MSGSEND = YES;
				GCC_C_LANGUAGE_STANDARD = gnu11;
				GCC_NO_COMMON_BLOCKS = YES;
				GCC_WARN_64_TO_32_BIT_CONVERSION = YES;
				GCC_WARN_ABOUT_RETURN_TYPE = YES_ERROR;
				GCC_WARN_UNDECLARED_SELECTOR = YES;
				GCC_WARN_UNINITIALIZED_AUTOS = YES_AGGRESSIVE;
				GCC_WARN_UNUSED_FUNCTION = YES;
				GCC_WARN_UNUSED_VARIABLE = YES;
				IPHONEOS_DEPLOYMENT_TARGET = 15.5;
				MTL_ENABLE_DEBUG_INFO = NO;
				MTL_FAST_MATH = YES;
				SDKROOT = iphoneos;
				SWIFT_COMPILATION_MODE = wholemodule;
				SWIFT_OPTIMIZATION_LEVEL = "-O";
				VALIDATE_PRODUCT = YES;
			};
			name = Release;
		};
		044D58C128D2010600EEA541 /* Debug */ = {
			isa = XCBuildConfiguration;
			buildSettings = {
				ASSETCATALOG_COMPILER_APPICON_NAME = AppIcon;
				ASSETCATALOG_COMPILER_GLOBAL_ACCENT_COLOR_NAME = AccentColor;
				CODE_SIGN_STYLE = Automatic;
				CURRENT_PROJECT_VERSION = 1;
				GENERATE_INFOPLIST_FILE = YES;
				INFOPLIST_FILE = MiniProjectWithCoreData/Info.plist;
				INFOPLIST_KEY_UIApplicationSupportsIndirectInputEvents = YES;
				INFOPLIST_KEY_UILaunchStoryboardName = LaunchScreen;
				INFOPLIST_KEY_UISupportedInterfaceOrientations_iPad = "UIInterfaceOrientationPortrait UIInterfaceOrientationPortraitUpsideDown UIInterfaceOrientationLandscapeLeft UIInterfaceOrientationLandscapeRight";
				INFOPLIST_KEY_UISupportedInterfaceOrientations_iPhone = "UIInterfaceOrientationPortrait UIInterfaceOrientationLandscapeLeft UIInterfaceOrientationLandscapeRight";
				LD_RUNPATH_SEARCH_PATHS = (
					"$(inherited)",
					"@executable_path/Frameworks",
				);
				MARKETING_VERSION = 1.0;
				PRODUCT_BUNDLE_IDENTIFIER = com.my.MiniProjectWithCoreData;
				PRODUCT_NAME = "$(TARGET_NAME)";
				SWIFT_EMIT_LOC_STRINGS = YES;
				SWIFT_VERSION = 5.0;
				TARGETED_DEVICE_FAMILY = "1,2";
			};
			name = Debug;
		};
		044D58C228D2010600EEA541 /* Release */ = {
			isa = XCBuildConfiguration;
			buildSettings = {
				ASSETCATALOG_COMPILER_APPICON_NAME = AppIcon;
				ASSETCATALOG_COMPILER_GLOBAL_ACCENT_COLOR_NAME = AccentColor;
				CODE_SIGN_STYLE = Automatic;
				CURRENT_PROJECT_VERSION = 1;
				GENERATE_INFOPLIST_FILE = YES;
				INFOPLIST_FILE = MiniProjectWithCoreData/Info.plist;
				INFOPLIST_KEY_UIApplicationSupportsIndirectInputEvents = YES;
				INFOPLIST_KEY_UILaunchStoryboardName = LaunchScreen;
				INFOPLIST_KEY_UISupportedInterfaceOrientations_iPad = "UIInterfaceOrientationPortrait UIInterfaceOrientationPortraitUpsideDown UIInterfaceOrientationLandscapeLeft UIInterfaceOrientationLandscapeRight";
				INFOPLIST_KEY_UISupportedInterfaceOrientations_iPhone = "UIInterfaceOrientationPortrait UIInterfaceOrientationLandscapeLeft UIInterfaceOrientationLandscapeRight";
				LD_RUNPATH_SEARCH_PATHS = (
					"$(inherited)",
					"@executable_path/Frameworks",
				);
				MARKETING_VERSION = 1.0;
				PRODUCT_BUNDLE_IDENTIFIER = com.my.MiniProjectWithCoreData;
				PRODUCT_NAME = "$(TARGET_NAME)";
				SWIFT_EMIT_LOC_STRINGS = YES;
				SWIFT_VERSION = 5.0;
				TARGETED_DEVICE_FAMILY = "1,2";
			};
			name = Release;
		};
/* End XCBuildConfiguration section */

/* Begin XCConfigurationList section */
		044D58A428D2010500EEA541 /* Build configuration list for PBXProject "MiniProjectWithCoreData" */ = {
			isa = XCConfigurationList;
			buildConfigurations = (
				044D58BE28D2010600EEA541 /* Debug */,
				044D58BF28D2010600EEA541 /* Release */,
			);
			defaultConfigurationIsVisible = 0;
			defaultConfigurationName = Release;
		};
		044D58C028D2010600EEA541 /* Build configuration list for PBXNativeTarget "MiniProjectWithCoreData" */ = {
			isa = XCConfigurationList;
			buildConfigurations = (
				044D58C128D2010600EEA541 /* Debug */,
				044D58C228D2010600EEA541 /* Release */,
			);
			defaultConfigurationIsVisible = 0;
			defaultConfigurationName = Release;
		};
/* End XCConfigurationList section */

/* Begin XCVersionGroup section */
		044D58B528D2010500EEA541 /* MiniProjectWithCoreData.xcdatamodeld */ = {
			isa = XCVersionGroup;
			children = (
				044D58B628D2010500EEA541 /* MiniProjectWithCoreData.xcdatamodel */,
			);
			currentVersion = 044D58B628D2010500EEA541 /* MiniProjectWithCoreData.xcdatamodel */;
			path = MiniProjectWithCoreData.xcdatamodeld;
			sourceTree = "<group>";
			versionGroupType = wrapper.xcdatamodel;
		};
/* End XCVersionGroup section */
	};
	rootObject = 044D58A128D2010500EEA541 /* Project object */;
}
